
Microsoft Visual Studio Solution File, Format Version 12.00
# Visual Studio Version 16
VisualStudioVersion = 16.0.30621.155
MinimumVisualStudioVersion = 10.0.40219.1
Project("{FAE04EC0-301F-11D3-BF4B-00C04F79EFBC}") = "Terminals", "Terminals.csproj", "{2659AF9A-7057-40F3-8657-4CDFEE351B6C}"
EndProject
Global
	GlobalSection(SolutionConfigurationPlatforms) = preSolution
		Debug|Any CPU = Debug|Any CPU
		Release|Any CPU = Release|Any CPU
	EndGlobalSection
	GlobalSection(ProjectConfigurationPlatforms) = postSolution
		{2659AF9A-7057-40F3-8657-4CDFEE351B6C}.Debug|Any CPU.ActiveCfg = Debug|Any CPU
		{2659AF9A-7057-40F3-8657-4CDFEE351B6C}.Debug|Any CPU.Build.0 = Debug|Any CPU
		{2659AF9A-7057-40F3-8657-4CDFEE351B6C}.Release|Any CPU.ActiveCfg = Release|Any CPU
		{2659AF9A-7057-40F3-8657-4CDFEE351B6C}.Release|Any CPU.Build.0 = Release|Any CPU
	EndGlobalSection
	GlobalSection(SolutionProperties) = preSolution
		HideSolutionNode = FALSE
	EndGlobalSection
	GlobalSection(ExtensibilityGlobals) = postSolution
		SolutionGuid = {681FB0D2-23E5-461E-B2E7-840FED61E73D}
	EndGlobalSection
EndGlobal
